
Microsoft Visual Studio Solution File, Format Version 12.00
# Visual Studio Version 17
VisualStudioVersion = 17.0.31903.59
MinimumVisualStudioVersion = 10.0.40219.1
Project("{FAE04EC0-301F-11D3-BF4B-00C04F79EFBC}") = "ConfluencePrototype", "ConfluencePrototype.csproj", "{081D303D-C233-46AB-9924-5B285554B2FC}"
EndProject
Global
	GlobalSection(SolutionConfigurationPlatforms) = preSolution
		Debug|Any CPU = Debug|Any CPU
		Release|Any CPU = Release|Any CPU
	EndGlobalSection
	GlobalSection(ProjectConfigurationPlatforms) = postSolution
		{081D303D-C233-46AB-9924-5B285554B2FC}.Debug|Any CPU.ActiveCfg = Debug|Any CPU
		{081D303D-C233-46AB-9924-5B285554B2FC}.Debug|Any CPU.Build.0 = Debug|Any CPU
		{081D303D-C233-46AB-9924-5B285554B2FC}.Release|Any CPU.ActiveCfg = Release|Any CPU
		{081D303D-C233-46AB-9924-5B285554B2FC}.Release|Any CPU.Build.0 = Release|Any CPU
	EndGlobalSection
	GlobalSection(SolutionProperties) = preSolution
		HideSolutionNode = FALSE
	EndGlobalSection
	GlobalSection(ExtensibilityGlobals) = postSolution
		SolutionGuid = {BC55CCAA-7DBB-4B0A-A494-07924A3AD729}
	EndGlobalSection
EndGlobal
